
Microsoft Visual Studio Solution File, Format Version 12.00
# Visual Studio Version 17
VisualStudioVersion = 17.5.33502.453
MinimumVisualStudioVersion = 10.0.40219.1
Project("{FAE04EC0-301F-11D3-BF4B-00C04F79EFBC}") = "Lab_19", "Lab_19\Lab_19.csproj", "{B4858D8B-EA45-4D70-A438-5B2BF676D952}"
EndProject
Project("{FAE04EC0-301F-11D3-BF4B-00C04F79EFBC}") = "Lab_19_ind", "Lab_19_ind\Lab_19_ind.csproj", "{7213632D-B45C-4647-9F58-54EAC1D8C120}"
EndProject
Global
	GlobalSection(SolutionConfigurationPlatforms) = preSolution
		Debug|Any CPU = Debug|Any CPU
		Release|Any CPU = Release|Any CPU
	EndGlobalSection
	GlobalSection(ProjectConfigurationPlatforms) = postSolution
		{B4858D8B-EA45-4D70-A438-5B2BF676D952}.Debug|Any CPU.ActiveCfg = Debug|Any CPU
		{B4858D8B-EA45-4D70-A438-5B2BF676D952}.Debug|Any CPU.Build.0 = Debug|Any CPU
		{B4858D8B-EA45-4D70-A438-5B2BF676D952}.Release|Any CPU.ActiveCfg = Release|Any CPU
		{B4858D8B-EA45-4D70-A438-5B2BF676D952}.Release|Any CPU.Build.0 = Release|Any CPU
		{7213632D-B45C-4647-9F58-54EAC1D8C120}.Debug|Any CPU.ActiveCfg = Debug|Any CPU
		{7213632D-B45C-4647-9F58-54EAC1D8C120}.Debug|Any CPU.Build.0 = Debug|Any CPU
		{7213632D-B45C-4647-9F58-54EAC1D8C120}.Release|Any CPU.ActiveCfg = Release|Any CPU
		{7213632D-B45C-4647-9F58-54EAC1D8C120}.Release|Any CPU.Build.0 = Release|Any CPU
	EndGlobalSection
	GlobalSection(SolutionProperties) = preSolution
		HideSolutionNode = FALSE
	EndGlobalSection
	GlobalSection(ExtensibilityGlobals) = postSolution
		SolutionGuid = {D504EC63-4F8A-4EAC-9767-F4ACC53E3548}
	EndGlobalSection
EndGlobal
